
Microsoft Visual Studio Solution File, Format Version 12.00
# Visual Studio Version 17
VisualStudioVersion = 17.4.33205.214
MinimumVisualStudioVersion = 10.0.40219.1
Project("{FAE04EC0-301F-11D3-BF4B-00C04F79EFBC}") = "NetCoreMVCLab03", "NetCoreMVCLab03\NetCoreMVCLab03.csproj", "{51A556D1-3FDB-4460-848B-C3C404A5B1F7}"
EndProject
Global
	GlobalSection(SolutionConfigurationPlatforms) = preSolution
		Debug|Any CPU = Debug|Any CPU
		Release|Any CPU = Release|Any CPU
	EndGlobalSection
	GlobalSection(ProjectConfigurationPlatforms) = postSolution
		{51A556D1-3FDB-4460-848B-C3C404A5B1F7}.Debug|Any CPU.ActiveCfg = Debug|Any CPU
		{51A556D1-3FDB-4460-848B-C3C404A5B1F7}.Debug|Any CPU.Build.0 = Debug|Any CPU
		{51A556D1-3FDB-4460-848B-C3C404A5B1F7}.Release|Any CPU.ActiveCfg = Release|Any CPU
		{51A556D1-3FDB-4460-848B-C3C404A5B1F7}.Release|Any CPU.Build.0 = Release|Any CPU
	EndGlobalSection
	GlobalSection(SolutionProperties) = preSolution
		HideSolutionNode = FALSE
	EndGlobalSection
	GlobalSection(ExtensibilityGlobals) = postSolution
		SolutionGuid = {21226020-940F-4202-B52C-5BA22778A780}
	EndGlobalSection
EndGlobal
